{
  "name": "aws-cdk-play",
  "version": "1.0.0",
  "lockfileVersion": 2,
  "requires": true,
  "packages": {
    "": {
      "name": "aws-cdk-play",
      "version": "1.0.0",
      "license": "ISC",
      "devDependencies": {
        "@aws-cdk/aws-lambda": "1.132.0",
        "@aws-cdk/core": "1.132.0"
      }
    },
    "node_modules/@aws-cdk/assets": {
      "version": "1.132.0",
      "resolved": "https://registry.npmjs.org/@aws-cdk/assets/-/assets-1.132.0.tgz",
      "integrity": "sha512-rDlb7a/hxZvWGTtSa8Ua281DZIk32Z4VRLuh/6zTmjEBtg99f6b8oVGobAJOVi3ISF7OS2PUc0cO2j5/72cy0w==",
      "dev": true,
      "dependencies": {
        "@aws-cdk/core": "1.132.0",
        "@aws-cdk/cx-api": "1.132.0",
        "constructs": "^3.3.69"
      },
      "engines": {
        "node": ">= 10.13.0 <13 || >=13.7.0"
      },
      "peerDependencies": {
        "@aws-cdk/core": "1.132.0",
        "@aws-cdk/cx-api": "1.132.0",
        "constructs": "^3.3.69"
      }
    },
    "node_modules/@aws-cdk/aws-applicationautoscaling": {
      "version": "1.132.0",
      "resolved": "https://registry.npmjs.org/@aws-cdk/aws-applicationautoscaling/-/aws-applicationautoscaling-1.132.0.tgz",
      "integrity": "sha512-CKXKFgaFAR9UAyG8KrZpIOepx15J4K1g5X6+75pkpC6Tn56DBrkQw5gKfqwuaMSPNahx1V+Bgv5UY1oNgHZrzA==",
      "dev": true,
      "dependencies": {
        "@aws-cdk/aws-autoscaling-common": "1.132.0",
        "@aws-cdk/aws-cloudwatch": "1.132.0",
        "@aws-cdk/aws-iam": "1.132.0",
        "@aws-cdk/core": "1.132.0",
        "constructs": "^3.3.69"
      },
      "engines": {
        "node": ">= 10.13.0 <13 || >=13.7.0"
      },
      "peerDependencies": {
        "@aws-cdk/aws-autoscaling-common": "1.132.0",
        "@aws-cdk/aws-cloudwatch": "1.132.0",
        "@aws-cdk/aws-iam": "1.132.0",
        "@aws-cdk/core": "1.132.0",
        "constructs": "^3.3.69"
      }
    },
    "node_modules/@aws-cdk/aws-autoscaling-common": {
      "version": "1.132.0",
      "resolved": "https://registry.npmjs.org/@aws-cdk/aws-autoscaling-common/-/aws-autoscaling-common-1.132.0.tgz",
      "integrity": "sha512-JVwBswtV0oh6iLf+oumH6Mmycv5DTxQyVJ8ajo1lltkiHi2k6qjBb1+mIuhygW9Jh+t/I65aZf04kGT/k4GjnA==",
      "dev": true,
      "dependencies": {
        "@aws-cdk/aws-iam": "1.132.0",
        "@aws-cdk/core": "1.132.0",
        "constructs": "^3.3.69"
      },
      "engines": {
        "node": ">= 10.13.0 <13 || >=13.7.0"
      },
      "peerDependencies": {
        "@aws-cdk/aws-iam": "1.132.0",
        "@aws-cdk/core": "1.132.0",
        "constructs": "^3.3.69"
      }
    },
    "node_modules/@aws-cdk/aws-cloudwatch": {
      "version": "1.132.0",
      "resolved": "https://registry.npmjs.org/@aws-cdk/aws-cloudwatch/-/aws-cloudwatch-1.132.0.tgz",
      "integrity": "sha512-iaEs83cPw0Cc1JDXpjMuusuj1lfic2idBxZnGpxRSMzzlLnlPvKeIqvzZSG+fX/GXNLkpq/qHlWGvhqmjJYoFw==",
      "dev": true,
      "dependencies": {
        "@aws-cdk/aws-iam": "1.132.0",
        "@aws-cdk/core": "1.132.0",
        "constructs": "^3.3.69"
      },
      "engines": {
        "node": ">= 10.13.0 <13 || >=13.7.0"
      },
      "peerDependencies": {
        "@aws-cdk/aws-iam": "1.132.0",
        "@aws-cdk/core": "1.132.0",
        "constructs": "^3.3.69"
      }
    },
    "node_modules/@aws-cdk/aws-codeguruprofiler": {
      "version": "1.132.0",
      "resolved": "https://registry.npmjs.org/@aws-cdk/aws-codeguruprofiler/-/aws-codeguruprofiler-1.132.0.tgz",
      "integrity": "sha512-8+GMpNXEs5sdSWnM4ojnvKbtGXlx3lnE3H7wkAP40yGk9PkDEBv4wRTpTQYJMbW8OIcM/V2mx3PifanUK00uwA==",
      "dev": true,
      "dependencies": {
        "@aws-cdk/aws-iam": "1.132.0",
        "@aws-cdk/core": "1.132.0",
        "constructs": "^3.3.69"
      },
      "engines": {
        "node": ">= 10.13.0 <13 || >=13.7.0"
      },
      "peerDependencies": {
        "@aws-cdk/aws-iam": "1.132.0",
        "@aws-cdk/core": "1.132.0",
        "constructs": "^3.3.69"
      }
    },
    "node_modules/@aws-cdk/aws-ec2": {
      "version": "1.132.0",
      "resolved": "https://registry.npmjs.org/@aws-cdk/aws-ec2/-/aws-ec2-1.132.0.tgz",
      "integrity": "sha512-gSEPezWTUyXyajWx47OX22uFMdhhNZft0c8xaAt9bl98AbLARqy++ME+fCLR7PFZqp1kRHr2w92GWkR74aYwxQ==",
      "dev": true,
      "dependencies": {
        "@aws-cdk/aws-cloudwatch": "1.132.0",
        "@aws-cdk/aws-iam": "1.132.0",
        "@aws-cdk/aws-kms": "1.132.0",
        "@aws-cdk/aws-logs": "1.132.0",
        "@aws-cdk/aws-s3": "1.132.0",
        "@aws-cdk/aws-s3-assets": "1.132.0",
        "@aws-cdk/aws-ssm": "1.132.0",
        "@aws-cdk/cloud-assembly-schema": "1.132.0",
        "@aws-cdk/core": "1.132.0",
        "@aws-cdk/cx-api": "1.132.0",
        "@aws-cdk/region-info": "1.132.0",
        "constructs": "^3.3.69"
      },
      "engines": {
        "node": ">= 10.13.0 <13 || >=13.7.0"
      },
      "peerDependencies": {
        "@aws-cdk/aws-cloudwatch": "1.132.0",
        "@aws-cdk/aws-iam": "1.132.0",
        "@aws-cdk/aws-kms": "1.132.0",
        "@aws-cdk/aws-logs": "1.132.0",
        "@aws-cdk/aws-s3": "1.132.0",
        "@aws-cdk/aws-s3-assets": "1.132.0",
        "@aws-cdk/aws-ssm": "1.132.0",
        "@aws-cdk/cloud-assembly-schema": "1.132.0",
        "@aws-cdk/core": "1.132.0",
        "@aws-cdk/cx-api": "1.132.0",
        "@aws-cdk/region-info": "1.132.0",
        "constructs": "^3.3.69"
      }
    },
    "node_modules/@aws-cdk/aws-ecr": {
      "version": "1.132.0",
      "resolved": "https://registry.npmjs.org/@aws-cdk/aws-ecr/-/aws-ecr-1.132.0.tgz",
      "integrity": "sha512-nCEebhMDbL+ledC1qliR1BNum+NOcUuNaQLJj2/PTwCmwePK8+5MMInGHxYpm4xr65gdA4owXLivVLQdM2hxRQ==",
      "dev": true,
      "dependencies": {
        "@aws-cdk/aws-events": "1.132.0",
        "@aws-cdk/aws-iam": "1.132.0",
        "@aws-cdk/core": "1.132.0",
        "constructs": "^3.3.69"
      },
      "engines": {
        "node": ">= 10.13.0 <13 || >=13.7.0"
      },
      "peerDependencies": {
        "@aws-cdk/aws-events": "1.132.0",
        "@aws-cdk/aws-iam": "1.132.0",
        "@aws-cdk/core": "1.132.0",
        "constructs": "^3.3.69"
      }
    },
    "node_modules/@aws-cdk/aws-ecr-assets": {
      "version": "1.132.0",
      "resolved": "https://registry.npmjs.org/@aws-cdk/aws-ecr-assets/-/aws-ecr-assets-1.132.0.tgz",
      "integrity": "sha512-uR103h+gQrvMN31X5SE3OoYZy74jx1G7jH7Yu45J7RGNTX7eUDYkU0YIJOShxDPMc3kXUfZ6mOPzP7uiaLI6Ig==",
      "bundleDependencies": [
        "minimatch"
      ],
      "dev": true,
      "dependencies": {
        "@aws-cdk/assets": "1.132.0",
        "@aws-cdk/aws-ecr": "1.132.0",
        "@aws-cdk/aws-iam": "1.132.0",
        "@aws-cdk/aws-s3": "1.132.0",
        "@aws-cdk/core": "1.132.0",
        "@aws-cdk/cx-api": "1.132.0",
        "constructs": "^3.3.69",
        "minimatch": "^3.0.4"
      },
      "engines": {
        "node": ">= 10.13.0 <13 || >=13.7.0"
      },
      "peerDependencies": {
        "@aws-cdk/assets": "1.132.0",
        "@aws-cdk/aws-ecr": "1.132.0",
        "@aws-cdk/aws-iam": "1.132.0",
        "@aws-cdk/aws-s3": "1.132.0",
        "@aws-cdk/core": "1.132.0",
        "@aws-cdk/cx-api": "1.132.0",
        "constructs": "^3.3.69"
      }
    },
    "node_modules/@aws-cdk/aws-ecr-assets/node_modules/balanced-match": {
      "version": "1.0.2",
      "dev": true,
      "inBundle": true,
      "license": "MIT"
    },
    "node_modules/@aws-cdk/aws-ecr-assets/node_modules/brace-expansion": {
      "version": "1.1.11",
      "dev": true,
      "inBundle": true,
      "license": "MIT",
      "dependencies": {
        "balanced-match": "^1.0.0",
        "concat-map": "0.0.1"
      }
    },
    "node_modules/@aws-cdk/aws-ecr-assets/node_modules/concat-map": {
      "version": "0.0.1",
      "dev": true,
      "inBundle": true,
      "license": "MIT"
    },
    "node_modules/@aws-cdk/aws-ecr-assets/node_modules/minimatch": {
      "version": "3.0.4",
      "dev": true,
      "inBundle": true,
      "license": "ISC",
      "dependencies": {
        "brace-expansion": "^1.1.7"
      },
      "engines": {
        "node": "*"
      }
    },
    "node_modules/@aws-cdk/aws-efs": {
      "version": "1.132.0",
      "resolved": "https://registry.npmjs.org/@aws-cdk/aws-efs/-/aws-efs-1.132.0.tgz",
      "integrity": "sha512-GTZr3tlDBga+an5XYqVeCY3vXQggjtnghD/bW3Zl2uuDpDuuG7FJ+4A4G8i7a2Q/VbQNGQ+zjWpu+7hRI0/UzA==",
      "dev": true,
      "dependencies": {
        "@aws-cdk/aws-ec2": "1.132.0",
        "@aws-cdk/aws-iam": "1.132.0",
        "@aws-cdk/aws-kms": "1.132.0",
        "@aws-cdk/cloud-assembly-schema": "1.132.0",
        "@aws-cdk/core": "1.132.0",
        "@aws-cdk/cx-api": "1.132.0",
        "constructs": "^3.3.69"
      },
      "engines": {
        "node": ">= 10.13.0 <13 || >=13.7.0"
      },
      "peerDependencies": {
        "@aws-cdk/aws-ec2": "1.132.0",
        "@aws-cdk/aws-iam": "1.132.0",
        "@aws-cdk/aws-kms": "1.132.0",
        "@aws-cdk/cloud-assembly-schema": "1.132.0",
        "@aws-cdk/core": "1.132.0",
        "@aws-cdk/cx-api": "1.132.0",
        "constructs": "^3.3.69"
      }
    },
    "node_modules/@aws-cdk/aws-events": {
      "version": "1.132.0",
      "resolved": "https://registry.npmjs.org/@aws-cdk/aws-events/-/aws-events-1.132.0.tgz",
      "integrity": "sha512-TPbzWsoKtLri9DNeWvzufQqeQQ65kIVkWjeZxXjbDYsNNX1rGBXVrrcWZxXTU7RSvWLOIkT99+hYALUa8kleqQ==",
      "dev": true,
      "dependencies": {
        "@aws-cdk/aws-iam": "1.132.0",
        "@aws-cdk/core": "1.132.0",
        "constructs": "^3.3.69"
      },
      "engines": {
        "node": ">= 10.13.0 <13 || >=13.7.0"
      },
      "peerDependencies": {
        "@aws-cdk/aws-iam": "1.132.0",
        "@aws-cdk/core": "1.132.0",
        "constructs": "^3.3.69"
      }
    },
    "node_modules/@aws-cdk/aws-iam": {
      "version": "1.132.0",
      "resolved": "https://registry.npmjs.org/@aws-cdk/aws-iam/-/aws-iam-1.132.0.tgz",
      "integrity": "sha512-K5LS+m0pXqNzrnxOwUqdFLyaXFzGijn13myt+hf8Yemo7BUV185FDL7JKu5DReTCh/xCK7EXs5qYwWlm4Vgudg==",
      "dev": true,
      "dependencies": {
        "@aws-cdk/core": "1.132.0",
        "@aws-cdk/region-info": "1.132.0",
        "constructs": "^3.3.69"
      },
      "engines": {
        "node": ">= 10.13.0 <13 || >=13.7.0"
      },
      "peerDependencies": {
        "@aws-cdk/core": "1.132.0",
        "@aws-cdk/region-info": "1.132.0",
        "constructs": "^3.3.69"
      }
    },
    "node_modules/@aws-cdk/aws-kms": {
      "version": "1.132.0",
      "resolved": "https://registry.npmjs.org/@aws-cdk/aws-kms/-/aws-kms-1.132.0.tgz",
      "integrity": "sha512-uWR8UWvFKNAHrOvyWddnhuUs176RGSQkCDmfURFs/Rzh/ksTt76H7gQFXYGHznMWVxzYIZ5sy0Y0GiN9o4R7Ag==",
      "dev": true,
      "dependencies": {
        "@aws-cdk/aws-iam": "1.132.0",
        "@aws-cdk/cloud-assembly-schema": "1.132.0",
        "@aws-cdk/core": "1.132.0",
        "@aws-cdk/cx-api": "1.132.0",
        "constructs": "^3.3.69"
      },
      "engines": {
        "node": ">= 10.13.0 <13 || >=13.7.0"
      },
      "peerDependencies": {
        "@aws-cdk/aws-iam": "1.132.0",
        "@aws-cdk/cloud-assembly-schema": "1.132.0",
        "@aws-cdk/core": "1.132.0",
        "@aws-cdk/cx-api": "1.132.0",
        "constructs": "^3.3.69"
      }
    },
    "node_modules/@aws-cdk/aws-lambda": {
      "version": "1.132.0",
      "resolved": "https://registry.npmjs.org/@aws-cdk/aws-lambda/-/aws-lambda-1.132.0.tgz",
      "integrity": "sha512-73avnLj5G34c2J7xXrGu+eE/I4896in7UMRLdtDYhF46/8D5U5kDeUvWQvHUxfLANpDXrRtB74AAAd/FuIKRcg==",
      "dev": true,
      "dependencies": {
        "@aws-cdk/aws-applicationautoscaling": "1.132.0",
        "@aws-cdk/aws-cloudwatch": "1.132.0",
        "@aws-cdk/aws-codeguruprofiler": "1.132.0",
        "@aws-cdk/aws-ec2": "1.132.0",
        "@aws-cdk/aws-ecr": "1.132.0",
        "@aws-cdk/aws-ecr-assets": "1.132.0",
        "@aws-cdk/aws-efs": "1.132.0",
        "@aws-cdk/aws-events": "1.132.0",
        "@aws-cdk/aws-iam": "1.132.0",
        "@aws-cdk/aws-kms": "1.132.0",
        "@aws-cdk/aws-logs": "1.132.0",
        "@aws-cdk/aws-s3": "1.132.0",
        "@aws-cdk/aws-s3-assets": "1.132.0",
        "@aws-cdk/aws-signer": "1.132.0",
        "@aws-cdk/aws-sqs": "1.132.0",
        "@aws-cdk/core": "1.132.0",
        "@aws-cdk/cx-api": "1.132.0",
        "@aws-cdk/region-info": "1.132.0",
        "constructs": "^3.3.69"
      },
      "engines": {
        "node": ">= 10.13.0 <13 || >=13.7.0"
      },
      "peerDependencies": {
        "@aws-cdk/aws-applicationautoscaling": "1.132.0",
        "@aws-cdk/aws-cloudwatch": "1.132.0",
        "@aws-cdk/aws-codeguruprofiler": "1.132.0",
        "@aws-cdk/aws-ec2": "1.132.0",
        "@aws-cdk/aws-ecr": "1.132.0",
        "@aws-cdk/aws-ecr-assets": "1.132.0",
        "@aws-cdk/aws-efs": "1.132.0",
        "@aws-cdk/aws-events": "1.132.0",
        "@aws-cdk/aws-iam": "1.132.0",
        "@aws-cdk/aws-kms": "1.132.0",
        "@aws-cdk/aws-logs": "1.132.0",
        "@aws-cdk/aws-s3": "1.132.0",
        "@aws-cdk/aws-s3-assets": "1.132.0",
        "@aws-cdk/aws-signer": "1.132.0",
        "@aws-cdk/aws-sqs": "1.132.0",
        "@aws-cdk/core": "1.132.0",
        "@aws-cdk/cx-api": "1.132.0",
        "@aws-cdk/region-info": "1.132.0",
        "constructs": "^3.3.69"
      }
    },
    "node_modules/@aws-cdk/aws-logs": {
      "version": "1.132.0",
      "resolved": "https://registry.npmjs.org/@aws-cdk/aws-logs/-/aws-logs-1.132.0.tgz",
      "integrity": "sha512-jXmHCx4YUDwCHOS8Hfm5kWHpe7OWuvB4oWTAYy+8wDxGnZeUDREY5nrQY948LSMiPrHjKOySL63zCBQtUTLmqA==",
      "dev": true,
      "dependencies": {
        "@aws-cdk/aws-cloudwatch": "1.132.0",
        "@aws-cdk/aws-iam": "1.132.0",
        "@aws-cdk/aws-kms": "1.132.0",
        "@aws-cdk/aws-s3-assets": "1.132.0",
        "@aws-cdk/core": "1.132.0",
        "constructs": "^3.3.69"
      },
      "engines": {
        "node": ">= 10.13.0 <13 || >=13.7.0"
      },
      "peerDependencies": {
        "@aws-cdk/aws-cloudwatch": "1.132.0",
        "@aws-cdk/aws-iam": "1.132.0",
        "@aws-cdk/aws-kms": "1.132.0",
        "@aws-cdk/aws-s3-assets": "1.132.0",
        "@aws-cdk/core": "1.132.0",
        "constructs": "^3.3.69"
      }
    },
    "node_modules/@aws-cdk/aws-s3": {
      "version": "1.132.0",
      "resolved": "https://registry.npmjs.org/@aws-cdk/aws-s3/-/aws-s3-1.132.0.tgz",
      "integrity": "sha512-n/o6EbXhLVvI+8FZrgmT6/alVCyyka860hLKxLOtlsW468rSLI2nFTX3Y7lgckvNjSgD1RhvRPuPjuj7oFV3Ag==",
      "dev": true,
      "dependencies": {
        "@aws-cdk/aws-events": "1.132.0",
        "@aws-cdk/aws-iam": "1.132.0",
        "@aws-cdk/aws-kms": "1.132.0",
        "@aws-cdk/core": "1.132.0",
        "@aws-cdk/cx-api": "1.132.0",
        "constructs": "^3.3.69"
      },
      "engines": {
        "node": ">= 10.13.0 <13 || >=13.7.0"
      },
      "peerDependencies": {
        "@aws-cdk/aws-events": "1.132.0",
        "@aws-cdk/aws-iam": "1.132.0",
        "@aws-cdk/aws-kms": "1.132.0",
        "@aws-cdk/core": "1.132.0",
        "@aws-cdk/cx-api": "1.132.0",
        "constructs": "^3.3.69"
      }
    },
    "node_modules/@aws-cdk/aws-s3-assets": {
      "version": "1.132.0",
      "resolved": "https://registry.npmjs.org/@aws-cdk/aws-s3-assets/-/aws-s3-assets-1.132.0.tgz",
      "integrity": "sha512-8W7kaLpmkZdZlDjOAEG7S3SBg2SUptDGXYuQwIf4KF6JJ19C4Z7f4eKRgpvx7rlYQvioJnXeIfQs2y4hqNGnJg==",
      "dev": true,
      "dependencies": {
        "@aws-cdk/assets": "1.132.0",
        "@aws-cdk/aws-iam": "1.132.0",
        "@aws-cdk/aws-kms": "1.132.0",
        "@aws-cdk/aws-s3": "1.132.0",
        "@aws-cdk/core": "1.132.0",
        "@aws-cdk/cx-api": "1.132.0",
        "constructs": "^3.3.69"
      },
      "engines": {
        "node": ">= 10.13.0 <13 || >=13.7.0"
      },
      "peerDependencies": {
        "@aws-cdk/assets": "1.132.0",
        "@aws-cdk/aws-iam": "1.132.0",
        "@aws-cdk/aws-kms": "1.132.0",
        "@aws-cdk/aws-s3": "1.132.0",
        "@aws-cdk/core": "1.132.0",
        "@aws-cdk/cx-api": "1.132.0",
        "constructs": "^3.3.69"
      }
    },
    "node_modules/@aws-cdk/aws-signer": {
      "version": "1.132.0",
      "resolved": "https://registry.npmjs.org/@aws-cdk/aws-signer/-/aws-signer-1.132.0.tgz",
      "integrity": "sha512-WsjQ2buJsZzmgbGf47TzpPRNjB/vJ65p2zGAKr7beOoi7zscZftg3NLjE6iqR2BMZKY1xR5JLJz1AZeE0//ibw==",
      "dev": true,
      "dependencies": {
        "@aws-cdk/core": "1.132.0",
        "constructs": "^3.3.69"
      },
      "engines": {
        "node": ">= 10.13.0 <13 || >=13.7.0"
      },
      "peerDependencies": {
        "@aws-cdk/core": "1.132.0",
        "constructs": "^3.3.69"
      }
    },
    "node_modules/@aws-cdk/aws-sqs": {
      "version": "1.132.0",
      "resolved": "https://registry.npmjs.org/@aws-cdk/aws-sqs/-/aws-sqs-1.132.0.tgz",
      "integrity": "sha512-+TDkj+NhvMDOIzIyag0lu24gIWmf7pz+TWMzh9vy8QPuAasweQczldrwZvVe7TrjxXOZCNE0zYEX0OLQ19MTYg==",
      "dev": true,
      "dependencies": {
        "@aws-cdk/aws-cloudwatch": "1.132.0",
        "@aws-cdk/aws-iam": "1.132.0",
        "@aws-cdk/aws-kms": "1.132.0",
        "@aws-cdk/core": "1.132.0",
        "constructs": "^3.3.69"
      },
      "engines": {
        "node": ">= 10.13.0 <13 || >=13.7.0"
      },
      "peerDependencies": {
        "@aws-cdk/aws-cloudwatch": "1.132.0",
        "@aws-cdk/aws-iam": "1.132.0",
        "@aws-cdk/aws-kms": "1.132.0",
        "@aws-cdk/core": "1.132.0",
        "constructs": "^3.3.69"
      }
    },
    "node_modules/@aws-cdk/aws-ssm": {
      "version": "1.132.0",
      "resolved": "https://registry.npmjs.org/@aws-cdk/aws-ssm/-/aws-ssm-1.132.0.tgz",
      "integrity": "sha512-lc2PTkWRs9nnXvaf0KT2RNVMrNQe2Eb2ABEMtVb6570sFNADjpanAtMGKIdtyndgst795ary34yifeuTgiE6hg==",
      "dev": true,
      "dependencies": {
        "@aws-cdk/aws-iam": "1.132.0",
        "@aws-cdk/aws-kms": "1.132.0",
        "@aws-cdk/cloud-assembly-schema": "1.132.0",
        "@aws-cdk/core": "1.132.0",
        "constructs": "^3.3.69"
      },
      "engines": {
        "node": ">= 10.13.0 <13 || >=13.7.0"
      },
      "peerDependencies": {
        "@aws-cdk/aws-iam": "1.132.0",
        "@aws-cdk/aws-kms": "1.132.0",
        "@aws-cdk/cloud-assembly-schema": "1.132.0",
        "@aws-cdk/core": "1.132.0",
        "constructs": "^3.3.69"
      }
    },
    "node_modules/@aws-cdk/cloud-assembly-schema": {
      "version": "1.132.0",
      "resolved": "https://registry.npmjs.org/@aws-cdk/cloud-assembly-schema/-/cloud-assembly-schema-1.132.0.tgz",
      "integrity": "sha512-49f8o1015tu3XlHSIuoA7+FmM5fZEHpKH3Svvuu4rDTr9ywwPFA9aVblqMXtTeLg1HBXJVXKy7jhy0mKaZaAdw==",
      "bundleDependencies": [
        "jsonschema",
        "semver"
      ],
      "dev": true,
      "dependencies": {
        "jsonschema": "^1.4.0",
        "semver": "^7.3.5"
      },
      "engines": {
        "node": ">= 10.13.0 <13 || >=13.7.0"
      }
    },
    "node_modules/@aws-cdk/cloud-assembly-schema/node_modules/jsonschema": {
      "version": "1.4.0",
      "dev": true,
      "inBundle": true,
      "license": "MIT",
      "engines": {
        "node": "*"
      }
    },
    "node_modules/@aws-cdk/cloud-assembly-schema/node_modules/lru-cache": {
      "version": "6.0.0",
      "dev": true,
      "inBundle": true,
      "license": "ISC",
      "dependencies": {
        "yallist": "^4.0.0"
      },
      "engines": {
        "node": ">=10"
      }
    },
    "node_modules/@aws-cdk/cloud-assembly-schema/node_modules/semver": {
      "version": "7.3.5",
      "dev": true,
      "inBundle": true,
      "license": "ISC",
      "dependencies": {
        "lru-cache": "^6.0.0"
      },
      "bin": {
        "semver": "bin/semver.js"
      },
      "engines": {
        "node": ">=10"
      }
    },
    "node_modules/@aws-cdk/cloud-assembly-schema/node_modules/yallist": {
      "version": "4.0.0",
      "dev": true,
      "inBundle": true,
      "license": "ISC"
    },
    "node_modules/@aws-cdk/core": {
      "version": "1.132.0",
      "resolved": "https://registry.npmjs.org/@aws-cdk/core/-/core-1.132.0.tgz",
      "integrity": "sha512-sX+uyPhXBZlorK17tJcjztV2ajzXZepbhjUKLCLwCmIx6vJmQSt13kawMJfS+yrRC6G3JO1WAUwdTYCi1/Lcbw==",
      "bundleDependencies": [
        "fs-extra",
        "minimatch",
        "@balena/dockerignore",
        "ignore"
      ],
      "dev": true,
      "dependencies": {
        "@aws-cdk/cloud-assembly-schema": "1.132.0",
        "@aws-cdk/cx-api": "1.132.0",
        "@aws-cdk/region-info": "1.132.0",
        "@balena/dockerignore": "^1.0.2",
        "constructs": "^3.3.69",
        "fs-extra": "^9.1.0",
        "ignore": "^5.1.9",
        "minimatch": "^3.0.4"
      },
      "engines": {
        "node": ">= 10.13.0 <13 || >=13.7.0"
      },
      "peerDependencies": {
        "@aws-cdk/cloud-assembly-schema": "1.132.0",
        "@aws-cdk/cx-api": "1.132.0",
        "@aws-cdk/region-info": "1.132.0",
        "constructs": "^3.3.69"
      }
    },
    "node_modules/@aws-cdk/core/node_modules/@balena/dockerignore": {
      "version": "1.0.2",
      "dev": true,
      "inBundle": true,
      "license": "Apache-2.0"
    },
    "node_modules/@aws-cdk/core/node_modules/at-least-node": {
      "version": "1.0.0",
      "dev": true,
      "inBundle": true,
      "license": "ISC",
      "engines": {
        "node": ">= 4.0.0"
      }
    },
    "node_modules/@aws-cdk/core/node_modules/balanced-match": {
      "version": "1.0.2",
      "dev": true,
      "inBundle": true,
      "license": "MIT"
    },
    "node_modules/@aws-cdk/core/node_modules/brace-expansion": {
      "version": "1.1.11",
      "dev": true,
      "inBundle": true,
      "license": "MIT",
      "dependencies": {
        "balanced-match": "^1.0.0",
        "concat-map": "0.0.1"
      }
    },
    "node_modules/@aws-cdk/core/node_modules/concat-map": {
      "version": "0.0.1",
      "dev": true,
      "inBundle": true,
      "license": "MIT"
    },
    "node_modules/@aws-cdk/core/node_modules/fs-extra": {
      "version": "9.1.0",
      "dev": true,
      "inBundle": true,
      "license": "MIT",
      "dependencies": {
        "at-least-node": "^1.0.0",
        "graceful-fs": "^4.2.0",
        "jsonfile": "^6.0.1",
        "universalify": "^2.0.0"
      },
      "engines": {
        "node": ">=10"
      }
    },
    "node_modules/@aws-cdk/core/node_modules/graceful-fs": {
      "version": "4.2.8",
      "dev": true,
      "inBundle": true,
      "license": "ISC"
    },
    "node_modules/@aws-cdk/core/node_modules/ignore": {
      "version": "5.1.9",
      "dev": true,
      "inBundle": true,
      "license": "MIT",
      "engines": {
        "node": ">= 4"
      }
    },
    "node_modules/@aws-cdk/core/node_modules/jsonfile": {
      "version": "6.1.0",
      "dev": true,
      "inBundle": true,
      "license": "MIT",
      "dependencies": {
        "universalify": "^2.0.0"
      },
      "optionalDependencies": {
        "graceful-fs": "^4.1.6"
      }
    },
    "node_modules/@aws-cdk/core/node_modules/minimatch": {
      "version": "3.0.4",
      "dev": true,
      "inBundle": true,
      "license": "ISC",
      "dependencies": {
        "brace-expansion": "^1.1.7"
      },
      "engines": {
        "node": "*"
      }
    },
    "node_modules/@aws-cdk/core/node_modules/universalify": {
      "version": "2.0.0",
      "dev": true,
      "inBundle": true,
      "license": "MIT",
      "engines": {
        "node": ">= 10.0.0"
      }
    },
    "node_modules/@aws-cdk/cx-api": {
      "version": "1.132.0",
      "resolved": "https://registry.npmjs.org/@aws-cdk/cx-api/-/cx-api-1.132.0.tgz",
      "integrity": "sha512-K2b/r2cgHPf1e7GnuKzPhFRMjniXESBky/gX12+9k+9/pY1zxNgaqwYS764fT64wMcqDwAAKBeX+y5tYP0DbRg==",
      "bundleDependencies": [
        "semver"
      ],
      "dev": true,
      "dependencies": {
        "@aws-cdk/cloud-assembly-schema": "1.132.0",
        "semver": "^7.3.5"
      },
      "engines": {
        "node": ">= 10.13.0 <13 || >=13.7.0"
      },
      "peerDependencies": {
        "@aws-cdk/cloud-assembly-schema": "1.132.0"
      }
    },
    "node_modules/@aws-cdk/cx-api/node_modules/lru-cache": {
      "version": "6.0.0",
      "dev": true,
      "inBundle": true,
      "license": "ISC",
      "dependencies": {
        "yallist": "^4.0.0"
      },
      "engines": {
        "node": ">=10"
      }
    },
    "node_modules/@aws-cdk/cx-api/node_modules/semver": {
      "version": "7.3.5",
      "dev": true,
      "inBundle": true,
      "license": "ISC",
      "dependencies": {
        "lru-cache": "^6.0.0"
      },
      "bin": {
        "semver": "bin/semver.js"
      },
      "engines": {
        "node": ">=10"
      }
    },
    "node_modules/@aws-cdk/cx-api/node_modules/yallist": {
      "version": "4.0.0",
      "dev": true,
      "inBundle": true,
      "license": "ISC"
    },
    "node_modules/@aws-cdk/region-info": {
      "version": "1.132.0",
      "resolved": "https://registry.npmjs.org/@aws-cdk/region-info/-/region-info-1.132.0.tgz",
      "integrity": "sha512-B3gwvYWHZZbfn+qaTF0EHE1wOEEfqy2NcTaBYew8DHR/Iif6fbyBJ2FPTCM67+Rupl2j1Eh9F3p4eZf7t/ptGg==",
      "dev": true,
      "engines": {
        "node": ">= 10.13.0 <13 || >=13.7.0"
      }
    },
    "node_modules/constructs": {
      "version": "3.3.161",
      "resolved": "https://registry.npmjs.org/constructs/-/constructs-3.3.161.tgz",
      "integrity": "sha512-/27vW3fo0iyb3py4vKI1BduEYmv8vv8uJgLXvI+5F0Jbnn0/E+As2wkGMa7bumhzCd0Ckv/USkAXstGYVXTYQA==",
      "dev": true,
      "engines": {
        "node": ">= 12.7.0"
      }
    }
  },
  "dependencies": {
    "@aws-cdk/assets": {
      "version": "1.132.0",
      "resolved": "https://registry.npmjs.org/@aws-cdk/assets/-/assets-1.132.0.tgz",
      "integrity": "sha512-rDlb7a/hxZvWGTtSa8Ua281DZIk32Z4VRLuh/6zTmjEBtg99f6b8oVGobAJOVi3ISF7OS2PUc0cO2j5/72cy0w==",
      "dev": true,
      "requires": {
        "@aws-cdk/core": "1.132.0",
        "@aws-cdk/cx-api": "1.132.0",
        "constructs": "^3.3.69"
      }
    },
    "@aws-cdk/aws-applicationautoscaling": {
      "version": "1.132.0",
      "resolved": "https://registry.npmjs.org/@aws-cdk/aws-applicationautoscaling/-/aws-applicationautoscaling-1.132.0.tgz",
      "integrity": "sha512-CKXKFgaFAR9UAyG8KrZpIOepx15J4K1g5X6+75pkpC6Tn56DBrkQw5gKfqwuaMSPNahx1V+Bgv5UY1oNgHZrzA==",
      "dev": true,
      "requires": {
        "@aws-cdk/aws-autoscaling-common": "1.132.0",
        "@aws-cdk/aws-cloudwatch": "1.132.0",
        "@aws-cdk/aws-iam": "1.132.0",
        "@aws-cdk/core": "1.132.0",
        "constructs": "^3.3.69"
      }
    },
    "@aws-cdk/aws-autoscaling-common": {
      "version": "1.132.0",
      "resolved": "https://registry.npmjs.org/@aws-cdk/aws-autoscaling-common/-/aws-autoscaling-common-1.132.0.tgz",
      "integrity": "sha512-JVwBswtV0oh6iLf+oumH6Mmycv5DTxQyVJ8ajo1lltkiHi2k6qjBb1+mIuhygW9Jh+t/I65aZf04kGT/k4GjnA==",
      "dev": true,
      "requires": {
        "@aws-cdk/aws-iam": "1.132.0",
        "@aws-cdk/core": "1.132.0",
        "constructs": "^3.3.69"
      }
    },
    "@aws-cdk/aws-cloudwatch": {
      "version": "1.132.0",
      "resolved": "https://registry.npmjs.org/@aws-cdk/aws-cloudwatch/-/aws-cloudwatch-1.132.0.tgz",
      "integrity": "sha512-iaEs83cPw0Cc1JDXpjMuusuj1lfic2idBxZnGpxRSMzzlLnlPvKeIqvzZSG+fX/GXNLkpq/qHlWGvhqmjJYoFw==",
      "dev": true,
      "requires": {
        "@aws-cdk/aws-iam": "1.132.0",
        "@aws-cdk/core": "1.132.0",
        "constructs": "^3.3.69"
      }
    },
    "@aws-cdk/aws-codeguruprofiler": {
      "version": "1.132.0",
      "resolved": "https://registry.npmjs.org/@aws-cdk/aws-codeguruprofiler/-/aws-codeguruprofiler-1.132.0.tgz",
      "integrity": "sha512-8+GMpNXEs5sdSWnM4ojnvKbtGXlx3lnE3H7wkAP40yGk9PkDEBv4wRTpTQYJMbW8OIcM/V2mx3PifanUK00uwA==",
      "dev": true,
      "requires": {
        "@aws-cdk/aws-iam": "1.132.0",
        "@aws-cdk/core": "1.132.0",
        "constructs": "^3.3.69"
      }
    },
    "@aws-cdk/aws-ec2": {
      "version": "1.132.0",
      "resolved": "https://registry.npmjs.org/@aws-cdk/aws-ec2/-/aws-ec2-1.132.0.tgz",
      "integrity": "sha512-gSEPezWTUyXyajWx47OX22uFMdhhNZft0c8xaAt9bl98AbLARqy++ME+fCLR7PFZqp1kRHr2w92GWkR74aYwxQ==",
      "dev": true,
      "requires": {
        "@aws-cdk/aws-cloudwatch": "1.132.0",
        "@aws-cdk/aws-iam": "1.132.0",
        "@aws-cdk/aws-kms": "1.132.0",
        "@aws-cdk/aws-logs": "1.132.0",
        "@aws-cdk/aws-s3": "1.132.0",
        "@aws-cdk/aws-s3-assets": "1.132.0",
        "@aws-cdk/aws-ssm": "1.132.0",
        "@aws-cdk/cloud-assembly-schema": "1.132.0",
        "@aws-cdk/core": "1.132.0",
        "@aws-cdk/cx-api": "1.132.0",
        "@aws-cdk/region-info": "1.132.0",
        "constructs": "^3.3.69"
      }
    },
    "@aws-cdk/aws-ecr": {
      "version": "1.132.0",
      "resolved": "https://registry.npmjs.org/@aws-cdk/aws-ecr/-/aws-ecr-1.132.0.tgz",
      "integrity": "sha512-nCEebhMDbL+ledC1qliR1BNum+NOcUuNaQLJj2/PTwCmwePK8+5MMInGHxYpm4xr65gdA4owXLivVLQdM2hxRQ==",
      "dev": true,
      "requires": {
        "@aws-cdk/aws-events": "1.132.0",
        "@aws-cdk/aws-iam": "1.132.0",
        "@aws-cdk/core": "1.132.0",
        "constructs": "^3.3.69"
      }
    },
    "@aws-cdk/aws-ecr-assets": {
      "version": "1.132.0",
      "resolved": "https://registry.npmjs.org/@aws-cdk/aws-ecr-assets/-/aws-ecr-assets-1.132.0.tgz",
      "integrity": "sha512-uR103h+gQrvMN31X5SE3OoYZy74jx1G7jH7Yu45J7RGNTX7eUDYkU0YIJOShxDPMc3kXUfZ6mOPzP7uiaLI6Ig==",
      "dev": true,
      "requires": {
        "@aws-cdk/assets": "1.132.0",
        "@aws-cdk/aws-ecr": "1.132.0",
        "@aws-cdk/aws-iam": "1.132.0",
        "@aws-cdk/aws-s3": "1.132.0",
        "@aws-cdk/core": "1.132.0",
        "@aws-cdk/cx-api": "1.132.0",
        "constructs": "^3.3.69",
        "minimatch": "^3.0.4"
      },
      "dependencies": {
        "balanced-match": {
          "version": "1.0.2",
          "bundled": true,
          "dev": true
        },
        "brace-expansion": {
          "version": "1.1.11",
          "bundled": true,
          "dev": true,
          "requires": {
            "balanced-match": "^1.0.0",
            "concat-map": "0.0.1"
          }
        },
        "concat-map": {
          "version": "0.0.1",
          "bundled": true,
          "dev": true
        },
        "minimatch": {
          "version": "3.0.4",
          "bundled": true,
          "dev": true,
          "requires": {
            "brace-expansion": "^1.1.7"
          }
        }
      }
    },
    "@aws-cdk/aws-efs": {
      "version": "1.132.0",
      "resolved": "https://registry.npmjs.org/@aws-cdk/aws-efs/-/aws-efs-1.132.0.tgz",
      "integrity": "sha512-GTZr3tlDBga+an5XYqVeCY3vXQggjtnghD/bW3Zl2uuDpDuuG7FJ+4A4G8i7a2Q/VbQNGQ+zjWpu+7hRI0/UzA==",
      "dev": true,
      "requires": {
        "@aws-cdk/aws-ec2": "1.132.0",
        "@aws-cdk/aws-iam": "1.132.0",
        "@aws-cdk/aws-kms": "1.132.0",
        "@aws-cdk/cloud-assembly-schema": "1.132.0",
        "@aws-cdk/core": "1.132.0",
        "@aws-cdk/cx-api": "1.132.0",
        "constructs": "^3.3.69"
      }
    },
    "@aws-cdk/aws-events": {
      "version": "1.132.0",
      "resolved": "https://registry.npmjs.org/@aws-cdk/aws-events/-/aws-events-1.132.0.tgz",
      "integrity": "sha512-TPbzWsoKtLri9DNeWvzufQqeQQ65kIVkWjeZxXjbDYsNNX1rGBXVrrcWZxXTU7RSvWLOIkT99+hYALUa8kleqQ==",
      "dev": true,
      "requires": {
        "@aws-cdk/aws-iam": "1.132.0",
        "@aws-cdk/core": "1.132.0",
        "constructs": "^3.3.69"
      }
    },
    "@aws-cdk/aws-iam": {
      "version": "1.132.0",
      "resolved": "https://registry.npmjs.org/@aws-cdk/aws-iam/-/aws-iam-1.132.0.tgz",
      "integrity": "sha512-K5LS+m0pXqNzrnxOwUqdFLyaXFzGijn13myt+hf8Yemo7BUV185FDL7JKu5DReTCh/xCK7EXs5qYwWlm4Vgudg==",
      "dev": true,
      "requires": {
        "@aws-cdk/core": "1.132.0",
        "@aws-cdk/region-info": "1.132.0",
        "constructs": "^3.3.69"
      }
    },
    "@aws-cdk/aws-kms": {
      "version": "1.132.0",
      "resolved": "https://registry.npmjs.org/@aws-cdk/aws-kms/-/aws-kms-1.132.0.tgz",
      "integrity": "sha512-uWR8UWvFKNAHrOvyWddnhuUs176RGSQkCDmfURFs/Rzh/ksTt76H7gQFXYGHznMWVxzYIZ5sy0Y0GiN9o4R7Ag==",
      "dev": true,
      "requires": {
        "@aws-cdk/aws-iam": "1.132.0",
        "@aws-cdk/cloud-assembly-schema": "1.132.0",
        "@aws-cdk/core": "1.132.0",
        "@aws-cdk/cx-api": "1.132.0",
        "constructs": "^3.3.69"
      }
    },
    "@aws-cdk/aws-lambda": {
      "version": "1.132.0",
      "resolved": "https://registry.npmjs.org/@aws-cdk/aws-lambda/-/aws-lambda-1.132.0.tgz",
      "integrity": "sha512-73avnLj5G34c2J7xXrGu+eE/I4896in7UMRLdtDYhF46/8D5U5kDeUvWQvHUxfLANpDXrRtB74AAAd/FuIKRcg==",
      "dev": true,
      "requires": {
        "@aws-cdk/aws-applicationautoscaling": "1.132.0",
        "@aws-cdk/aws-cloudwatch": "1.132.0",
        "@aws-cdk/aws-codeguruprofiler": "1.132.0",
        "@aws-cdk/aws-ec2": "1.132.0",
        "@aws-cdk/aws-ecr": "1.132.0",
        "@aws-cdk/aws-ecr-assets": "1.132.0",
        "@aws-cdk/aws-efs": "1.132.0",
        "@aws-cdk/aws-events": "1.132.0",
        "@aws-cdk/aws-iam": "1.132.0",
        "@aws-cdk/aws-kms": "1.132.0",
        "@aws-cdk/aws-logs": "1.132.0",
        "@aws-cdk/aws-s3": "1.132.0",
        "@aws-cdk/aws-s3-assets": "1.132.0",
        "@aws-cdk/aws-signer": "1.132.0",
        "@aws-cdk/aws-sqs": "1.132.0",
        "@aws-cdk/core": "1.132.0",
        "@aws-cdk/cx-api": "1.132.0",
        "@aws-cdk/region-info": "1.132.0",
        "constructs": "^3.3.69"
      }
    },
    "@aws-cdk/aws-logs": {
      "version": "1.132.0",
      "resolved": "https://registry.npmjs.org/@aws-cdk/aws-logs/-/aws-logs-1.132.0.tgz",
      "integrity": "sha512-jXmHCx4YUDwCHOS8Hfm5kWHpe7OWuvB4oWTAYy+8wDxGnZeUDREY5nrQY948LSMiPrHjKOySL63zCBQtUTLmqA==",
      "dev": true,
      "requires": {
        "@aws-cdk/aws-cloudwatch": "1.132.0",
        "@aws-cdk/aws-iam": "1.132.0",
        "@aws-cdk/aws-kms": "1.132.0",
        "@aws-cdk/aws-s3-assets": "1.132.0",
        "@aws-cdk/core": "1.132.0",
        "constructs": "^3.3.69"
      }
    },
    "@aws-cdk/aws-s3": {
      "version": "1.132.0",
      "resolved": "https://registry.npmjs.org/@aws-cdk/aws-s3/-/aws-s3-1.132.0.tgz",
      "integrity": "sha512-n/o6EbXhLVvI+8FZrgmT6/alVCyyka860hLKxLOtlsW468rSLI2nFTX3Y7lgckvNjSgD1RhvRPuPjuj7oFV3Ag==",
      "dev": true,
      "requires": {
        "@aws-cdk/aws-events": "1.132.0",
        "@aws-cdk/aws-iam": "1.132.0",
        "@aws-cdk/aws-kms": "1.132.0",
        "@aws-cdk/core": "1.132.0",
        "@aws-cdk/cx-api": "1.132.0",
        "constructs": "^3.3.69"
      }
    },
    "@aws-cdk/aws-s3-assets": {
      "version": "1.132.0",
      "resolved": "https://registry.npmjs.org/@aws-cdk/aws-s3-assets/-/aws-s3-assets-1.132.0.tgz",
      "integrity": "sha512-8W7kaLpmkZdZlDjOAEG7S3SBg2SUptDGXYuQwIf4KF6JJ19C4Z7f4eKRgpvx7rlYQvioJnXeIfQs2y4hqNGnJg==",
      "dev": true,
      "requires": {
        "@aws-cdk/assets": "1.132.0",
        "@aws-cdk/aws-iam": "1.132.0",
        "@aws-cdk/aws-kms": "1.132.0",
        "@aws-cdk/aws-s3": "1.132.0",
        "@aws-cdk/core": "1.132.0",
        "@aws-cdk/cx-api": "1.132.0",
        "constructs": "^3.3.69"
      }
    },
    "@aws-cdk/aws-signer": {
      "version": "1.132.0",
      "resolved": "https://registry.npmjs.org/@aws-cdk/aws-signer/-/aws-signer-1.132.0.tgz",
      "integrity": "sha512-WsjQ2buJsZzmgbGf47TzpPRNjB/vJ65p2zGAKr7beOoi7zscZftg3NLjE6iqR2BMZKY1xR5JLJz1AZeE0//ibw==",
      "dev": true,
      "requires": {
        "@aws-cdk/core": "1.132.0",
        "constructs": "^3.3.69"
      }
    },
    "@aws-cdk/aws-sqs": {
      "version": "1.132.0",
      "resolved": "https://registry.npmjs.org/@aws-cdk/aws-sqs/-/aws-sqs-1.132.0.tgz",
      "integrity": "sha512-+TDkj+NhvMDOIzIyag0lu24gIWmf7pz+TWMzh9vy8QPuAasweQczldrwZvVe7TrjxXOZCNE0zYEX0OLQ19MTYg==",
      "dev": true,
      "requires": {
        "@aws-cdk/aws-cloudwatch": "1.132.0",
        "@aws-cdk/aws-iam": "1.132.0",
        "@aws-cdk/aws-kms": "1.132.0",
        "@aws-cdk/core": "1.132.0",
        "constructs": "^3.3.69"
      }
    },
    "@aws-cdk/aws-ssm": {
      "version": "1.132.0",
      "resolved": "https://registry.npmjs.org/@aws-cdk/aws-ssm/-/aws-ssm-1.132.0.tgz",
      "integrity": "sha512-lc2PTkWRs9nnXvaf0KT2RNVMrNQe2Eb2ABEMtVb6570sFNADjpanAtMGKIdtyndgst795ary34yifeuTgiE6hg==",
      "dev": true,
      "requires": {
        "@aws-cdk/aws-iam": "1.132.0",
        "@aws-cdk/aws-kms": "1.132.0",
        "@aws-cdk/cloud-assembly-schema": "1.132.0",
        "@aws-cdk/core": "1.132.0",
        "constructs": "^3.3.69"
      }
    },
    "@aws-cdk/cloud-assembly-schema": {
      "version": "1.132.0",
      "resolved": "https://registry.npmjs.org/@aws-cdk/cloud-assembly-schema/-/cloud-assembly-schema-1.132.0.tgz",
      "integrity": "sha512-49f8o1015tu3XlHSIuoA7+FmM5fZEHpKH3Svvuu4rDTr9ywwPFA9aVblqMXtTeLg1HBXJVXKy7jhy0mKaZaAdw==",
      "dev": true,
      "requires": {
        "jsonschema": "^1.4.0",
        "semver": "^7.3.5"
      },
      "dependencies": {
        "jsonschema": {
          "version": "1.4.0",
          "bundled": true,
          "dev": true
        },
        "lru-cache": {
          "version": "6.0.0",
          "bundled": true,
          "dev": true,
          "requires": {
            "yallist": "^4.0.0"
          }
        },
        "semver": {
          "version": "7.3.5",
          "bundled": true,
          "dev": true,
          "requires": {
            "lru-cache": "^6.0.0"
          }
        },
        "yallist": {
          "version": "4.0.0",
          "bundled": true,
          "dev": true
        }
      }
    },
    "@aws-cdk/core": {
      "version": "1.132.0",
      "resolved": "https://registry.npmjs.org/@aws-cdk/core/-/core-1.132.0.tgz",
      "integrity": "sha512-sX+uyPhXBZlorK17tJcjztV2ajzXZepbhjUKLCLwCmIx6vJmQSt13kawMJfS+yrRC6G3JO1WAUwdTYCi1/Lcbw==",
      "dev": true,
      "requires": {
        "@aws-cdk/cloud-assembly-schema": "1.132.0",
        "@aws-cdk/cx-api": "1.132.0",
        "@aws-cdk/region-info": "1.132.0",
        "@balena/dockerignore": "^1.0.2",
        "constructs": "^3.3.69",
        "fs-extra": "^9.1.0",
        "ignore": "^5.1.9",
        "minimatch": "^3.0.4"
      },
      "dependencies": {
        "@balena/dockerignore": {
          "version": "1.0.2",
          "bundled": true,
          "dev": true
        },
        "at-least-node": {
          "version": "1.0.0",
          "bundled": true,
          "dev": true
        },
        "balanced-match": {
          "version": "1.0.2",
          "bundled": true,
          "dev": true
        },
        "brace-expansion": {
          "version": "1.1.11",
          "bundled": true,
          "dev": true,
          "requires": {
            "balanced-match": "^1.0.0",
            "concat-map": "0.0.1"
          }
        },
        "concat-map": {
          "version": "0.0.1",
          "bundled": true,
          "dev": true
        },
        "fs-extra": {
          "version": "9.1.0",
          "bundled": true,
          "dev": true,
          "requires": {
            "at-least-node": "^1.0.0",
            "graceful-fs": "^4.2.0",
            "jsonfile": "^6.0.1",
            "universalify": "^2.0.0"
          }
        },
        "graceful-fs": {
          "version": "4.2.8",
          "bundled": true,
          "dev": true
        },
        "ignore": {
          "version": "5.1.9",
          "bundled": true,
          "dev": true
        },
        "jsonfile": {
          "version": "6.1.0",
          "bundled": true,
          "dev": true,
          "requires": {
            "graceful-fs": "^4.1.6",
            "universalify": "^2.0.0"
          }
        },
        "minimatch": {
          "version": "3.0.4",
          "bundled": true,
          "dev": true,
          "requires": {
            "brace-expansion": "^1.1.7"
          }
        },
        "universalify": {
          "version": "2.0.0",
          "bundled": true,
          "dev": true
        }
      }
    },
    "@aws-cdk/cx-api": {
      "version": "1.132.0",
      "resolved": "https://registry.npmjs.org/@aws-cdk/cx-api/-/cx-api-1.132.0.tgz",
      "integrity": "sha512-K2b/r2cgHPf1e7GnuKzPhFRMjniXESBky/gX12+9k+9/pY1zxNgaqwYS764fT64wMcqDwAAKBeX+y5tYP0DbRg==",
      "dev": true,
      "requires": {
        "@aws-cdk/cloud-assembly-schema": "1.132.0",
        "semver": "^7.3.5"
      },
      "dependencies": {
        "lru-cache": {
          "version": "6.0.0",
          "bundled": true,
          "dev": true,
          "requires": {
            "yallist": "^4.0.0"
          }
        },
        "semver": {
          "version": "7.3.5",
          "bundled": true,
          "dev": true,
          "requires": {
            "lru-cache": "^6.0.0"
          }
        },
        "yallist": {
          "version": "4.0.0",
          "bundled": true,
          "dev": true
        }
      }
    },
    "@aws-cdk/region-info": {
      "version": "1.132.0",
      "resolved": "https://registry.npmjs.org/@aws-cdk/region-info/-/region-info-1.132.0.tgz",
      "integrity": "sha512-B3gwvYWHZZbfn+qaTF0EHE1wOEEfqy2NcTaBYew8DHR/Iif6fbyBJ2FPTCM67+Rupl2j1Eh9F3p4eZf7t/ptGg==",
      "dev": true
    },
    "constructs": {
      "version": "3.3.161",
      "resolved": "https://registry.npmjs.org/constructs/-/constructs-3.3.161.tgz",
      "integrity": "sha512-/27vW3fo0iyb3py4vKI1BduEYmv8vv8uJgLXvI+5F0Jbnn0/E+As2wkGMa7bumhzCd0Ckv/USkAXstGYVXTYQA==",
      "dev": true
    }
  }
}
